
Microsoft Visual Studio Solution File, Format Version 12.00
# Visual Studio 14
VisualStudioVersion = 14.0.25420.1
MinimumVisualStudioVersion = 10.0.40219.1
Project("{FAE04EC0-301F-11D3-BF4B-00C04F79EFBC}") = "LinqToSitecore", "LinqToSitecore\LinqToSitecore.csproj", "{87D52928-23C6-46DA-BE3C-D8F43B03AC5B}"
EndProject
Project("{FAE04EC0-301F-11D3-BF4B-00C04F79EFBC}") = "LinqToSitecore.VisualStudio", "LinqToSitecore.VisualStudio\LinqToSitecore.VisualStudio.csproj", "{39B79891-0879-4721-8B64-AE3EC475DD0C}"
EndProject
Project("{FAE04EC0-301F-11D3-BF4B-00C04F79EFBC}") = "LinqToSitecore.Tests", "LinqToSitecore.Tests\LinqToSitecore.Tests.csproj", "{B1FFE5C0-FEB0-4B11-8C4A-3ED8DCA818D7}"
EndProject
Global
	GlobalSection(SolutionConfigurationPlatforms) = preSolution
		Debug|Any CPU = Debug|Any CPU
		Release|Any CPU = Release|Any CPU
	EndGlobalSection
	GlobalSection(ProjectConfigurationPlatforms) = postSolution
		{87D52928-23C6-46DA-BE3C-D8F43B03AC5B}.Debug|Any CPU.ActiveCfg = Debug|Any CPU
		{87D52928-23C6-46DA-BE3C-D8F43B03AC5B}.Debug|Any CPU.Build.0 = Debug|Any CPU
		{87D52928-23C6-46DA-BE3C-D8F43B03AC5B}.Debug|Any CPU.Deploy.0 = Debug|Any CPU
		{87D52928-23C6-46DA-BE3C-D8F43B03AC5B}.Release|Any CPU.ActiveCfg = Release|Any CPU
		{87D52928-23C6-46DA-BE3C-D8F43B03AC5B}.Release|Any CPU.Build.0 = Release|Any CPU
		{39B79891-0879-4721-8B64-AE3EC475DD0C}.Debug|Any CPU.ActiveCfg = Debug|Any CPU
		{39B79891-0879-4721-8B64-AE3EC475DD0C}.Debug|Any CPU.Build.0 = Debug|Any CPU
		{39B79891-0879-4721-8B64-AE3EC475DD0C}.Release|Any CPU.ActiveCfg = Release|Any CPU
		{39B79891-0879-4721-8B64-AE3EC475DD0C}.Release|Any CPU.Build.0 = Release|Any CPU
		{B1FFE5C0-FEB0-4B11-8C4A-3ED8DCA818D7}.Debug|Any CPU.ActiveCfg = Debug|Any CPU
		{B1FFE5C0-FEB0-4B11-8C4A-3ED8DCA818D7}.Debug|Any CPU.Build.0 = Debug|Any CPU
		{B1FFE5C0-FEB0-4B11-8C4A-3ED8DCA818D7}.Release|Any CPU.ActiveCfg = Release|Any CPU
		{B1FFE5C0-FEB0-4B11-8C4A-3ED8DCA818D7}.Release|Any CPU.Build.0 = Release|Any CPU
	EndGlobalSection
	GlobalSection(SolutionProperties) = preSolution
		HideSolutionNode = FALSE
	EndGlobalSection
EndGlobal
